Microsoft Visual Studio Solution File, Format Version 12.00
# Visual Studio Version 17
VisualStudioVersion = 17.10.34928.147
MinimumVisualStudioVersion = 10.0.40219.1
Project("{9A19103F-16F7-4668-BE54-9A1E7A4F7556}") = "SessionAppointment.Api", "src\SessionAppointment.Api\SessionAppointment.Api.csproj", "{37E6B338-5818-415D-BEF5-A8DAFA865750}"
EndProject
Project("{9A19103F-16F7-4668-BE54-9A1E7A4F7556}") = "SessionAppointment.Core", "src\SessionAppointment.Core\SessionAppointment.Core.csproj", "{7FC7482D-DB5D-4CBF-BF0E-E87818C342DC}"
EndProject
Project("{9A19103F-16F7-4668-BE54-9A1E7A4F7556}") = "SessionAppointment.Infrastructure", "src\SessionAppointment.Infrastructure\SessionAppointment.Infrastructure.csproj", "{5758EBD4-556B-46D7-9E61-ECEF954DD855}"
EndProject
Global
	GlobalSection(SolutionConfigurationPlatforms) = preSolution
		Debug|Any CPU = Debug|Any CPU
		Release|Any CPU = Release|Any CPU
	EndGlobalSection
	GlobalSection(ProjectConfigurationPlatforms) = postSolution
		{37E6B338-5818-415D-BEF5-A8DAFA865750}.Debug|Any CPU.ActiveCfg = Debug|Any CPU
		{37E6B338-5818-415D-BEF5-A8DAFA865750}.Debug|Any CPU.Build.0 = Debug|Any CPU
		{37E6B338-5818-415D-BEF5-A8DAFA865750}.Release|Any CPU.ActiveCfg = Release|Any CPU
		{37E6B338-5818-415D-BEF5-A8DAFA865750}.Release|Any CPU.Build.0 = Release|Any CPU
		{7FC7482D-DB5D-4CBF-BF0E-E87818C342DC}.Debug|Any CPU.ActiveCfg = Debug|Any CPU
		{7FC7482D-DB5D-4CBF-BF0E-E87818C342DC}.Debug|Any CPU.Build.0 = Debug|Any CPU
		{7FC7482D-DB5D-4CBF-BF0E-E87818C342DC}.Release|Any CPU.ActiveCfg = Release|Any CPU
		{7FC7482D-DB5D-4CBF-BF0E-E87818C342DC}.Release|Any CPU.Build.0 = Release|Any CPU
		{5758EBD4-556B-46D7-9E61-ECEF954DD855}.Debug|Any CPU.ActiveCfg = Debug|Any CPU
		{5758EBD4-556B-46D7-9E61-ECEF954DD855}.Debug|Any CPU.Build.0 = Debug|Any CPU
		{5758EBD4-556B-46D7-9E61-ECEF954DD855}.Release|Any CPU.ActiveCfg = Release|Any CPU
		{5758EBD4-556B-46D7-9E61-ECEF954DD855}.Release|Any CPU.Build.0 = Release|Any CPU
	EndGlobalSection
	GlobalSection(SolutionProperties) = preSolution
		HideSolutionNode = FALSE
	EndGlobalSection
	GlobalSection(ExtensibilityGlobals) = postSolution
		SolutionGuid = {B3F548E6-F8F1-48A3-AED2-481592733AD0}
	EndGlobalSection
EndGlobal
