
Microsoft Visual Studio Solution File, Format Version 12.00
# Visual Studio Version 17
VisualStudioVersion = 17.10.34928.147
MinimumVisualStudioVersion = 10.0.40219.1
Project("{9A19103F-16F7-4668-BE54-9A1E7A4F7556}") = "Prontuario-Eletronico.Api", "src\Prontuario-Eletronico.Api\Prontuario-Eletronico.Api.csproj", "{F90191BB-99DC-4350-87B9-E3BAB54F4F1C}"
EndProject
Project("{9A19103F-16F7-4668-BE54-9A1E7A4F7556}") = "Prontuario-Eletronico.Core", "src\Prontuario-Eletronico.Core\Prontuario-Eletronico.Core.csproj", "{C715EF5D-92AD-48AA-9259-231A78FC6EBE}"
EndProject
Project("{9A19103F-16F7-4668-BE54-9A1E7A4F7556}") = "Prontuario-Eletronico.Infrastructure", "src\Prontuario-Eletronico.Infrastructure\Prontuario-Eletronico.Infrastructure.csproj", "{AEB1799D-C9C2-43EA-8D13-8835D971AF14}"
EndProject
Global
	GlobalSection(SolutionConfigurationPlatforms) = preSolution
		Debug|Any CPU = Debug|Any CPU
		Release|Any CPU = Release|Any CPU
	EndGlobalSection
	GlobalSection(ProjectConfigurationPlatforms) = postSolution
		{F90191BB-99DC-4350-87B9-E3BAB54F4F1C}.Debug|Any CPU.ActiveCfg = Debug|Any CPU
		{F90191BB-99DC-4350-87B9-E3BAB54F4F1C}.Debug|Any CPU.Build.0 = Debug|Any CPU
		{F90191BB-99DC-4350-87B9-E3BAB54F4F1C}.Release|Any CPU.ActiveCfg = Release|Any CPU
		{F90191BB-99DC-4350-87B9-E3BAB54F4F1C}.Release|Any CPU.Build.0 = Release|Any CPU
		{C715EF5D-92AD-48AA-9259-231A78FC6EBE}.Debug|Any CPU.ActiveCfg = Debug|Any CPU
		{C715EF5D-92AD-48AA-9259-231A78FC6EBE}.Debug|Any CPU.Build.0 = Debug|Any CPU
		{C715EF5D-92AD-48AA-9259-231A78FC6EBE}.Release|Any CPU.ActiveCfg = Release|Any CPU
		{C715EF5D-92AD-48AA-9259-231A78FC6EBE}.Release|Any CPU.Build.0 = Release|Any CPU
		{AEB1799D-C9C2-43EA-8D13-8835D971AF14}.Debug|Any CPU.ActiveCfg = Debug|Any CPU
		{AEB1799D-C9C2-43EA-8D13-8835D971AF14}.Debug|Any CPU.Build.0 = Debug|Any CPU
		{AEB1799D-C9C2-43EA-8D13-8835D971AF14}.Release|Any CPU.ActiveCfg = Release|Any CPU
		{AEB1799D-C9C2-43EA-8D13-8835D971AF14}.Release|Any CPU.Build.0 = Release|Any CPU
	EndGlobalSection
	GlobalSection(SolutionProperties) = preSolution
		HideSolutionNode = FALSE
	EndGlobalSection
	GlobalSection(ExtensibilityGlobals) = postSolution
		SolutionGuid = {B3F548E6-F8F1-48A3-AED2-481592733AD0}
	EndGlobalSection
EndGlobal
