Microsoft Visual Studio Solution File, Format Version 12.00
# Visual Studio Version 17
VisualStudioVersion = 17.10.34928.147
MinimumVisualStudioVersion = 10.0.40219.1
Project("{9A19103F-16F7-4668-BE54-9A1E7A4F7556}") = "SessionAppointment.Api", "src\Prontuario-Eletronico.Api\SessionAppointment.Api.csproj", "{EFACDBF0-4413-4F31-BDAF-1A8A9B21E879}"
EndProject
Project("{9A19103F-16F7-4668-BE54-9A1E7A4F7556}") = "SessionAppointment.Core", "src\Prontuario-Eletronico.Core\SessionAppointment.Core.csproj", "{C2907E1B-72E7-4A85-8DF4-A21C8011EFFE}"
EndProject
Project("{9A19103F-16F7-4668-BE54-9A1E7A4F7556}") = "SessionAppointment.Infrastructure", "src\Prontuario-Eletronico.Infrastructure\SessionAppointment.Infrastructure.csproj", "{F7348DA8-F74E-4BF6-B370-89D69F5BA595}"
EndProject
Global
	GlobalSection(SolutionConfigurationPlatforms) = preSolution
		Debug|Any CPU = Debug|Any CPU
		Release|Any CPU = Release|Any CPU
	EndGlobalSection
	GlobalSection(ProjectConfigurationPlatforms) = postSolution
		{EFACDBF0-4413-4F31-BDAF-1A8A9B21E879}.Debug|Any CPU.ActiveCfg = Debug|Any CPU
		{EFACDBF0-4413-4F31-BDAF-1A8A9B21E879}.Debug|Any CPU.Build.0 = Debug|Any CPU
		{EFACDBF0-4413-4F31-BDAF-1A8A9B21E879}.Release|Any CPU.ActiveCfg = Release|Any CPU
		{EFACDBF0-4413-4F31-BDAF-1A8A9B21E879}.Release|Any CPU.Build.0 = Release|Any CPU
		{C2907E1B-72E7-4A85-8DF4-A21C8011EFFE}.Debug|Any CPU.ActiveCfg = Debug|Any CPU
		{C2907E1B-72E7-4A85-8DF4-A21C8011EFFE}.Debug|Any CPU.Build.0 = Debug|Any CPU
		{C2907E1B-72E7-4A85-8DF4-A21C8011EFFE}.Release|Any CPU.ActiveCfg = Release|Any CPU
		{C2907E1B-72E7-4A85-8DF4-A21C8011EFFE}.Release|Any CPU.Build.0 = Release|Any CPU
		{F7348DA8-F74E-4BF6-B370-89D69F5BA595}.Debug|Any CPU.ActiveCfg = Debug|Any CPU
		{F7348DA8-F74E-4BF6-B370-89D69F5BA595}.Debug|Any CPU.Build.0 = Debug|Any CPU
		{F7348DA8-F74E-4BF6-B370-89D69F5BA595}.Release|Any CPU.ActiveCfg = Release|Any CPU
		{F7348DA8-F74E-4BF6-B370-89D69F5BA595}.Release|Any CPU.Build.0 = Release|Any CPU
	EndGlobalSection
	GlobalSection(SolutionProperties) = preSolution
		HideSolutionNode = FALSE
	EndGlobalSection
	GlobalSection(ExtensibilityGlobals) = postSolution
		SolutionGuid = {B3F548E6-F8F1-48A3-AED2-481592733AD0}
	EndGlobalSection
EndGlobal
